// !$*UTF8*$!
{
	archiveVersion = 1;
	classes = {
	};
	objectVersion = 46;
	objects = {

/* Begin PBXBuildFile section */
		84B0AFFD1D44910F00A4DDE4 /* AppDelegate.swift in Sources */ = {isa = PBXBuildFile; fileRef = 84B0AFFC1D44910F00A4DDE4 /* AppDelegate.swift */; };
		84B0AFFF1D44910F00A4DDE4 /* ViewController.swift in Sources */ = {isa = PBXBuildFile; fileRef = 84B0AFFE1D44910F00A4DDE4 /* ViewController.swift */; };
		84B0B0021D44910F00A4DDE4 /* Main.storyboard in Resources */ = {isa = PBXBuildFile; fileRef = 84B0B0001D44910F00A4DDE4 /* Main.storyboard */; };
		84B0B0041D44910F00A4DDE4 /* Assets.xcassets in Resources */ = {isa = PBXBuildFile; fileRef = 84B0B0031D44910F00A4DDE4 /* Assets.xcassets */; };
		84B0B0071D44910F00A4DDE4 /* LaunchScreen.storyboard in Resources */ = {isa = PBXBuildFile; fileRef = 84B0B0051D44910F00A4DDE4 /* LaunchScreen.storyboard */; };
/* End PBXBuildFile section */

/* Begin PBXFileReference section */
		84B0AFF91D44910E00A4DDE4 /* ohranger-tapper-game.app */ = {isa = PBXFileReference; explicitFileType = wrapper.application; includeInIndex = 0; path = "ohranger-tapper-game.app"; sourceTree = BUILT_PRODUCTS_DIR; };
		84B0AFFC1D44910F00A4DDE4 /* AppDelegate.swift */ = {isa = PBXFileReference; lastKnownFileType = sourcecode.swift; path = AppDelegate.swift; sourceTree = "<group>"; };
		84B0AFFE1D44910F00A4DDE4 /* ViewController.swift */ = {isa = PBXFileReference; lastKnownFileType = sourcecode.swift; path = ViewController.swift; sourceTree = "<group>"; };
		84B0B0011D44910F00A4DDE4 /* Base */ = {isa = PBXFileReference; lastKnownFileType = file.storyboard; name = Base; path = Base.lproj/Main.storyboard; sourceTree = "<group>"; };
		84B0B0031D44910F00A4DDE4 /* Assets.xcassets */ = {isa = PBXFileReference; lastKnownFileType = folder.assetcatalog; path = Assets.xcassets; sourceTree = "<group>"; };
		84B0B0061D44910F00A4DDE4 /* Base */ = {isa = PBXFileReference; lastKnownFileType = file.storyboard; name = Base; path = Base.lproj/LaunchScreen.storyboard; sourceTree = "<group>"; };
		84B0B0081D44910F00A4DDE4 /* Info.plist */ = {isa = PBXFileReference; lastKnownFileType = text.plist.xml; path = Info.plist; sourceTree = "<group>"; };
/* End PBXFileReference section */

/* Begin PBXFrameworksBuildPhase section */
		84B0AFF61D44910E00A4DDE4 /* Frameworks */ = {
			isa = PBXFrameworksBuildPhase;
			buildActionMask = 2147483647;
			files = (
			);
			runOnlyForDeploymentPostprocessing = 0;
		};
/* End PBXFrameworksBuildPhase section */

/* Begin PBXGroup section */
		84B0AFF01D44910E00A4DDE4 = {
			isa = PBXGroup;
			children = (
				84B0AFFB1D44910F00A4DDE4 /* ohranger-tapper-game */,
				84B0AFFA1D44910E00A4DDE4 /* Products */,
			);
			sourceTree = "<group>";
		};
		84B0AFFA1D44910E00A4DDE4 /* Products */ = {
			isa = PBXGroup;
			children = (
				84B0AFF91D44910E00A4DDE4 /* ohranger-tapper-game.app */,
			);
			name = Products;
			sourceTree = "<group>";
		};
		84B0AFFB1D44910F00A4DDE4 /* ohranger-tapper-game */ = {
			isa = PBXGroup;
			children = (
				84B0AFFC1D44910F00A4DDE4 /* AppDelegate.swift */,
				84B0AFFE1D44910F00A4DDE4 /* ViewController.swift */,
				84B0B0001D44910F00A4DDE4 /* Main.storyboard */,
				84B0B0031D44910F00A4DDE4 /* Assets.xcassets */,
				84B0B0051D44910F00A4DDE4 /* LaunchScreen.storyboard */,
				84B0B0081D44910F00A4DDE4 /* Info.plist */,
			);
			path = "ohranger-tapper-game";
			sourceTree = "<group>";
		};
/* End PBXGroup section */

/* Begin PBXNativeTarget section */
		84B0AFF81D44910E00A4DDE4 /* ohranger-tapper-game */ = {
			isa = PBXNativeTarget;
			buildConfigurationList = 84B0B00B1D44910F00A4DDE4 /* Build configuration list for PBXNativeTarget "ohranger-tapper-game" */;
			buildPhases = (
				84B0AFF51D44910E00A4DDE4 /* Sources */,
				84B0AFF61D44910E00A4DDE4 /* Frameworks */,
				84B0AFF71D44910E00A4DDE4 /* Resources */,
			);
			buildRules = (
			);
			dependencies = (
			);
			name = "ohranger-tapper-game";
			productName = "ohranger-tapper-game";
			productReference = 84B0AFF91D44910E00A4DDE4 /* ohranger-tapper-game.app */;
			productType = "com.apple.product-type.application";
		};
/* End PBXNativeTarget section */

/* Begin PBXProject section */
		84B0AFF11D44910E00A4DDE4 /* Project object */ = {
			isa = PBXProject;
			attributes = {
				LastSwiftUpdateCheck = 0730;
				LastUpgradeCheck = 0730;
				ORGANIZATIONNAME = TeamOhrange;
				TargetAttributes = {
					84B0AFF81D44910E00A4DDE4 = {
						CreatedOnToolsVersion = 7.3;
					};
				};
			};
			buildConfigurationList = 84B0AFF41D44910E00A4DDE4 /* Build configuration list for PBXProject "ohranger-tapper-game" */;
			compatibilityVersion = "Xcode 3.2";
			developmentRegion = English;
			hasScannedForEncodings = 0;
			knownRegions = (
				en,
				Base,
			);
			mainGroup = 84B0AFF01D44910E00A4DDE4;
			productRefGroup = 84B0AFFA1D44910E00A4DDE4 /* Products */;
			projectDirPath = "";
			projectRoot = "";
			targets = (
				84B0AFF81D44910E00A4DDE4 /* ohranger-tapper-game */,
			);
		};
/* End PBXProject section */

/* Begin PBXResourcesBuildPhase section */
		84B0AFF71D44910E00A4DDE4 /* Resources */ = {
			isa = PBXResourcesBuildPhase;
			buildActionMask = 2147483647;
			files = (
				84B0B0071D44910F00A4DDE4 /* LaunchScreen.storyboard in Resources */,
				84B0B0041D44910F00A4DDE4 /* Assets.xcassets in Resources */,
				84B0B0021D44910F00A4DDE4 /* Main.storyboard in Resources */,
			);
			runOnlyForDeploymentPostprocessing = 0;
		};
/* End PBXResourcesBuildPhase section */

/* Begin PBXSourcesBuildPhase section */
		84B0AFF51D44910E00A4DDE4 /* Sources */ = {
			isa = PBXSourcesBuildPhase;
			buildActionMask = 2147483647;
			files = (
				84B0AFFF1D44910F00A4DDE4 /* ViewController.swift in Sources */,
				84B0AFFD1D44910F00A4DDE4 /* AppDelegate.swift in Sources */,
			);
			runOnlyForDeploymentPostprocessing = 0;
		};
/* End PBXSourcesBuildPhase section */

/* Begin PBXVariantGroup section */
		84B0B0001D44910F00A4DDE4 /* Main.storyboard */ = {
			isa = PBXVariantGroup;
			children = (
				84B0B0011D44910F00A4DDE4 /* Base */,
			);
			name = Main.storyboard;
			sourceTree = "<group>";
		};
		84B0B0051D44910F00A4DDE4 /* LaunchScreen.storyboard */ = {
			isa = PBXVariantGroup;
			children = (
				84B0B0061D44910F00A4DDE4 /* Base */,
			);
			name = LaunchScreen.storyboard;
			sourceTree = "<group>";
		};
/* End PBXVariantGroup section */

/* Begin XCBuildConfiguration section */
		84B0B0091D44910F00A4DDE4 /* Debug */ = {
			isa = XCBuildConfiguration;
			buildSettings = {
				ALWAYS_SEARCH_USER_PATHS = NO;
				CLANG_ANALYZER_NONNULL = YES;
				CLANG_CXX_LANGUAGE_STANDARD = "gnu++0x";
				CLANG_CXX_LIBRARY = "libc++";
				CLANG_ENABLE_MODULES = YES;
				CLANG_ENABLE_OBJC_ARC = YES;
				CLANG_WARN_BOOL_CONVERSION = YES;
				CLANG_WARN_CONSTANT_CONVERSION = YES;
				CLANG_WARN_DIRECT_OBJC_ISA_USAGE = YES_ERROR;
				CLANG_WARN_EMPTY_BODY = YES;
				CLANG_WARN_ENUM_CONVERSION = YES;
				CLANG_WARN_INT_CONVERSION = YES;
				CLANG_WARN_OBJC_ROOT_CLASS = YES_ERROR;
				CLANG_WARN_UNREACHABLE_CODE = YES;
				CLANG_WARN__DUPLICATE_METHOD_MATCH = YES;
				"CODE_SIGN_IDENTITY[sdk=iphoneos*]" = "iPhone Developer";
				COPY_PHASE_STRIP = NO;
				DEBUG_INFORMATION_FORMAT = dwarf;
				ENABLE_STRICT_OBJC_MSGSEND = YES;
				ENABLE_TESTABILITY = YES;
				GCC_C_LANGUAGE_STANDARD = gnu99;
				GCC_DYNAMIC_NO_PIC = NO;
				GCC_NO_COMMON_BLOCKS = YES;
				GCC_OPTIMIZATION_LEVEL = 0;
				GCC_PREPROCESSOR_DEFINITIONS = (
					"DEBUG=1",
					"$(inherited)",
				);
				GCC_WARN_64_TO_32_BIT_CONVERSION = YES;
				GCC_WARN_ABOUT_RETURN_TYPE = YES_ERROR;
				GCC_WARN_UNDECLARED_SELECTOR = YES;
				GCC_WARN_UNINITIALIZED_AUTOS = YES_AGGRESSIVE;
				GCC_WARN_UNUSED_FUNCTION = YES;
				GCC_WARN_UNUSED_VARIABLE = YES;
				IPHONEOS_DEPLOYMENT_TARGET = 9.3;
				MTL_ENABLE_DEBUG_INFO = YES;
				ONLY_ACTIVE_ARCH = YES;
				SDKROOT = iphoneos;
				SWIFT_OPTIMIZATION_LEVEL = "-Onone";
			};
			name = Debug;
		};
		84B0B00A1D44910F00A4DDE4 /* Release */ = {
			isa = XCBuildConfiguration;
			buildSettings = {
				ALWAYS_SEARCH_USER_PATHS = NO;
				CLANG_ANALYZER_NONNULL = YES;
				CLANG_CXX_LANGUAGE_STANDARD = "gnu++0x";
				CLANG_CXX_LIBRARY = "libc++";
				CLANG_ENABLE_MODULES = YES;
				CLANG_ENABLE_OBJC_ARC = YES;
				CLANG_WARN_BOOL_CONVERSION = YES;
				CLANG_WARN_CONSTANT_CONVERSION = YES;
				CLANG_WARN_DIRECT_OBJC_ISA_USAGE = YES_ERROR;
				CLANG_WARN_EMPTY_BODY = YES;
				CLANG_WARN_ENUM_CONVERSION = YES;
				CLANG_WARN_INT_CONVERSION = YES;
				CLANG_WARN_OBJC_ROOT_CLASS = YES_ERROR;
				CLANG_WARN_UNREACHABLE_CODE = YES;
				CLANG_WARN__DUPLICATE_METHOD_MATCH = YES;
				"CODE_SIGN_IDENTITY[sdk=iphoneos*]" = "iPhone Developer";
				COPY_PHASE_STRIP = NO;
				DEBUG_INFORMATION_FORMAT = "dwarf-with-dsym";
				ENABLE_NS_ASSERTIONS = NO;
				ENABLE_STRICT_OBJC_MSGSEND = YES;
				GCC_C_LANGUAGE_STANDARD = gnu99;
				GCC_NO_COMMON_BLOCKS = YES;
				GCC_WARN_64_TO_32_BIT_CONVERSION = YES;
				GCC_WARN_ABOUT_RETURN_TYPE = YES_ERROR;
				GCC_WARN_UNDECLARED_SELECTOR = YES;
				GCC_WARN_UNINITIALIZED_AUTOS = YES_AGGRESSIVE;
				GCC_WARN_UNUSED_FUNCTION = YES;
				GCC_WARN_UNUSED_VARIABLE = YES;
				IPHONEOS_DEPLOYMENT_TARGET = 9.3;
				MTL_ENABLE_DEBUG_INFO = NO;
				SDKROOT = iphoneos;
				VALIDATE_PRODUCT = YES;
			};
			name = Release;
		};
		84B0B00C1D44910F00A4DDE4 /* Debug */ = {
			isa = XCBuildConfiguration;
			buildSettings = {
				ASSETCATALOG_COMPILER_APPICON_NAME = AppIcon;
				INFOPLIST_FILE = "ohranger-tapper-game/Info.plist";
				LD_RUNPATH_SEARCH_PATHS = "$(inherited) @executable_path/Frameworks";
				PRODUCT_BUNDLE_IDENTIFIER = "com.teamohrange.apps.ohranger-tapper-game";
				PRODUCT_NAME = "$(TARGET_NAME)";
				TARGETED_DEVICE_FAMILY = "1,2";
			};
			name = Debug;
		};
		84B0B00D1D44910F00A4DDE4 /* Release */ = {
			isa = XCBuildConfiguration;
			buildSettings = {
				ASSETCATALOG_COMPILER_APPICON_NAME = AppIcon;
				INFOPLIST_FILE = "ohranger-tapper-game/Info.plist";
				LD_RUNPATH_SEARCH_PATHS = "$(inherited) @executable_path/Frameworks";
				PRODUCT_BUNDLE_IDENTIFIER = "com.teamohrange.apps.ohranger-tapper-game";
				PRODUCT_NAME = "$(TARGET_NAME)";
				TARGETED_DEVICE_FAMILY = "1,2";
			};
			name = Release;
		};
/* End XCBuildConfiguration section */

/* Begin XCConfigurationList section */
		84B0AFF41D44910E00A4DDE4 /* Build configuration list for PBXProject "ohranger-tapper-game" */ = {
			isa = XCConfigurationList;
			buildConfigurations = (
				84B0B0091D44910F00A4DDE4 /* Debug */,
				84B0B00A1D44910F00A4DDE4 /* Release */,
			);
			defaultConfigurationIsVisible = 0;
			defaultConfigurationName = Release;
		};
		84B0B00B1D44910F00A4DDE4 /* Build configuration list for PBXNativeTarget "ohranger-tapper-game" */ = {
			isa = XCConfigurationList;
			buildConfigurations = (
				84B0B00C1D44910F00A4DDE4 /* Debug */,
				84B0B00D1D44910F00A4DDE4 /* Release */,
			);
			defaultConfigurationIsVisible = 0;
			defaultConfigurationName = Release;
		};
/* End XCConfigurationList section */
	};
	rootObject = 84B0AFF11D44910E00A4DDE4 /* Project object */;
}
